
Microsoft Visual Studio Solution File, Format Version 12.00
# Visual Studio Version 17
VisualStudioVersion = 17.2.32519.379
MinimumVisualStudioVersion = 10.0.40219.1
Project("{FAE04EC0-301F-11D3-BF4B-00C04F79EFBC}") = "Actas", "Actas\Actas.csproj", "{DBAE2E40-3636-4593-B801-6784374B5AF5}"
EndProject
Global
	GlobalSection(SolutionConfigurationPlatforms) = preSolution
		Debug|Any CPU = Debug|Any CPU
		Release|Any CPU = Release|Any CPU
	EndGlobalSection
	GlobalSection(ProjectConfigurationPlatforms) = postSolution
		{DBAE2E40-3636-4593-B801-6784374B5AF5}.Debug|Any CPU.ActiveCfg = Debug|Any CPU
		{DBAE2E40-3636-4593-B801-6784374B5AF5}.Debug|Any CPU.Build.0 = Debug|Any CPU
		{DBAE2E40-3636-4593-B801-6784374B5AF5}.Release|Any CPU.ActiveCfg = Release|Any CPU
		{DBAE2E40-3636-4593-B801-6784374B5AF5}.Release|Any CPU.Build.0 = Release|Any CPU
	EndGlobalSection
	GlobalSection(SolutionProperties) = preSolution
		HideSolutionNode = FALSE
	EndGlobalSection
	GlobalSection(ExtensibilityGlobals) = postSolution
		SolutionGuid = {CFA68705-C34A-4A33-A34E-A2291FD26244}
	EndGlobalSection
EndGlobal
